
Microsoft Visual Studio Solution File, Format Version 12.00
Project("{FAE04EC0-301F-11D3-BF4B-00C04F79EFBC}") = "WpfApp1", "WpfApp1\WpfApp1.csproj", "{BC720BA8-76FC-4F78-A27A-F9B05A09A7D8}"
EndProject
Global
	GlobalSection(SolutionConfigurationPlatforms) = preSolution
		Debug|Any CPU = Debug|Any CPU
		Release|Any CPU = Release|Any CPU
	EndGlobalSection
	GlobalSection(ProjectConfigurationPlatforms) = postSolution
		{BC720BA8-76FC-4F78-A27A-F9B05A09A7D8}.Debug|Any CPU.ActiveCfg = Debug|Any CPU
		{BC720BA8-76FC-4F78-A27A-F9B05A09A7D8}.Debug|Any CPU.Build.0 = Debug|Any CPU
		{BC720BA8-76FC-4F78-A27A-F9B05A09A7D8}.Release|Any CPU.ActiveCfg = Release|Any CPU
		{BC720BA8-76FC-4F78-A27A-F9B05A09A7D8}.Release|Any CPU.Build.0 = Release|Any CPU
	EndGlobalSection
EndGlobal
